
Microsoft Visual Studio Solution File, Format Version 12.00
# Visual Studio Version 16
VisualStudioVersion = 16.0.31410.357
MinimumVisualStudioVersion = 10.0.40219.1
Project("{FAE04EC0-301F-11D3-BF4B-00C04F79EFBC}") = "Modulo_Administracion", "Modulo_Administracion\Modulo_Administracion.csproj", "{A0D7FA16-7D65-436C-B921-F1E5021BB697}"
EndProject
Global
	GlobalSection(SolutionConfigurationPlatforms) = preSolution
		Debug|Any CPU = Debug|Any CPU
		Release|Any CPU = Release|Any CPU
	EndGlobalSection
	GlobalSection(ProjectConfigurationPlatforms) = postSolution
		{A0D7FA16-7D65-436C-B921-F1E5021BB697}.Debug|Any CPU.ActiveCfg = Debug|Any CPU
		{A0D7FA16-7D65-436C-B921-F1E5021BB697}.Debug|Any CPU.Build.0 = Debug|Any CPU
		{A0D7FA16-7D65-436C-B921-F1E5021BB697}.Release|Any CPU.ActiveCfg = Release|Any CPU
		{A0D7FA16-7D65-436C-B921-F1E5021BB697}.Release|Any CPU.Build.0 = Release|Any CPU
	EndGlobalSection
	GlobalSection(SolutionProperties) = preSolution
		HideSolutionNode = FALSE
	EndGlobalSection
	GlobalSection(ExtensibilityGlobals) = postSolution
		SolutionGuid = {C5237725-8F27-44DB-87AA-1B2A31CF3104}
	EndGlobalSection
EndGlobal
